<?xml version="1.0" encoding="utf-8"?>
<Project ToolsVersion="4.0" xmlns="http://schemas.microsoft.com/developer/msbuild/2003">
  <ItemGroup>
    <Filter Include="Source Files">
      <UniqueIdentifier>{4FC737F1-C7A5-4376-A066-2A32D752A2FF}</UniqueIdentifier>
      <Extensions>cpp;c;cc;cxx;def;odl;idl;hpj;bat;asm;asmx</Extensions>
    </Filter>
    <Filter Include="Header Files">
      <UniqueIdentifier>{93995380-89BD-4b04-88EB-625FBE52EBFB}</UniqueIdentifier>
      <Extensions>h;hh;hpp;hxx;hm;inl;inc;xsd</Extensions>
    </Filter>
    <Filter Include="Resource Files">
      <UniqueIdentifier>{67DA6AB6-F800-4c08-8B7A-83BB121AAD01}</UniqueIdentifier>
      <Extensions>rc;ico;cur;bmp;dlg;rc2;rct;bin;rgs;gif;jpg;jpeg;jpe;resx;tiff;tif;png;wav;mfcribbon-ms</Extensions>
    </Filter>
  </ItemGroup>
  <ItemGroup>
    <ClCompile Include="main.cpp">
      <Filter>Source Files</Filter>
    </ClCompile>
    <ClCompile Include="sdk\interface\Engine.cpp">
      <Filter>Source Files</Filter>
    </ClCompile>
    <ClCompile Include="sdk\interface\EngineTrace.cpp">
      <Filter>Source Files</Filter>
    </ClCompile>
    <ClCompile Include="sdk\interface\EntityList.cpp">
      <Filter>Source Files</Filter>
    </ClCompile>
    <ClCompile Include="sdk\interface\Globals.cpp">
      <Filter>Source Files</Filter>
    </ClCompile>
    <ClCompile Include="sdk\interface\ModelInfo.cpp">
      <Filter>Source Files</Filter>
    </ClCompile>
    <ClCompile Include="sdk\interface\Predictionandmovement.cpp">
      <Filter>Source Files</Filter>
    </ClCompile>
    <ClCompile Include="sdk\InterfaceManager.cpp">
      <Filter>Source Files</Filter>
    </ClCompile>
    <ClCompile Include="sdk\Vector.cpp">
      <Filter>Source Files</Filter>
    </ClCompile>
    <ClCompile Include="sdk\VMT.cpp">
      <Filter>Source Files</Filter>
    </ClCompile>
    <ClCompile Include="LuaEngine.cpp">
      <Filter>Source Files</Filter>
    </ClCompile>
    <ClCompile Include="sdk\InputManager.cpp">
      <Filter>Source Files</Filter>
    </ClCompile>
    <ClCompile Include="sdk\interface\Panel.cpp">
      <Filter>Source Files</Filter>
    </ClCompile>
    <ClCompile Include="sdk\interface\surface.cpp">
      <Filter>Source Files</Filter>
    </ClCompile>
    <ClCompile Include="sdk\Console.cpp">
      <Filter>Source Files</Filter>
    </ClCompile>
    <ClCompile Include="sdk\PatternScanning.cpp">
      <Filter>Source Files</Filter>
    </ClCompile>
    <ClCompile Include="sdk\interface\GLua.cpp">
      <Filter>Source Files</Filter>
    </ClCompile>
    <ClCompile Include="sdk\interface\Scheme.cpp">
      <Filter>Source Files</Filter>
    </ClCompile>
  </ItemGroup>
  <ItemGroup>
    <ClInclude Include="lua\include\lauxlib.h">
      <Filter>Header Files</Filter>
    </ClInclude>
    <ClInclude Include="lua\include\lua.h">
      <Filter>Header Files</Filter>
    </ClInclude>
    <ClInclude Include="lua\include\lua.hpp">
      <Filter>Header Files</Filter>
    </ClInclude>
    <ClInclude Include="lua\include\luaconf.h">
      <Filter>Header Files</Filter>
    </ClInclude>
    <ClInclude Include="lua\include\lualib.h">
      <Filter>Header Files</Filter>
    </ClInclude>
    <ClInclude Include="LuaBridge\detail\CFunctions.h">
      <Filter>Header Files</Filter>
    </ClInclude>
    <ClInclude Include="LuaBridge\detail\ClassInfo.h">
      <Filter>Header Files</Filter>
    </ClInclude>
    <ClInclude Include="LuaBridge\detail\Constructor.h">
      <Filter>Header Files</Filter>
    </ClInclude>
    <ClInclude Include="LuaBridge\detail\dump.h">
      <Filter>Header Files</Filter>
    </ClInclude>
    <ClInclude Include="LuaBridge\detail\FuncTraits.h">
      <Filter>Header Files</Filter>
    </ClInclude>
    <ClInclude Include="LuaBridge\detail\Iterator.h">
      <Filter>Header Files</Filter>
    </ClInclude>
    <ClInclude Include="LuaBridge\detail\LuaException.h">
      <Filter>Header Files</Filter>
    </ClInclude>
    <ClInclude Include="LuaBridge\detail\LuaHelpers.h">
      <Filter>Header Files</Filter>
    </ClInclude>
    <ClInclude Include="LuaBridge\detail\LuaRef.h">
      <Filter>Header Files</Filter>
    </ClInclude>
    <ClInclude Include="LuaBridge\detail\Namespace.h">
      <Filter>Header Files</Filter>
    </ClInclude>
    <ClInclude Include="LuaBridge\detail\Stack.h">
      <Filter>Header Files</Filter>
    </ClInclude>
    <ClInclude Include="LuaBridge\detail\TypeList.h">
      <Filter>Header Files</Filter>
    </ClInclude>
    <ClInclude Include="LuaBridge\detail\TypeTraits.h">
      <Filter>Header Files</Filter>
    </ClInclude>
    <ClInclude Include="LuaBridge\detail\Userdata.h">
      <Filter>Header Files</Filter>
    </ClInclude>
    <ClInclude Include="LuaBridge\LuaBridge.h">
      <Filter>Header Files</Filter>
    </ClInclude>
    <ClInclude Include="LuaBridge\RefCountedObject.h">
      <Filter>Header Files</Filter>
    </ClInclude>
    <ClInclude Include="LuaBridge\RefCountedPtr.h">
      <Filter>Header Files</Filter>
    </ClInclude>
    <ClInclude Include="sdk\interface\Engine.h">
      <Filter>Header Files</Filter>
    </ClInclude>
    <ClInclude Include="sdk\interface\EngineTrace.h">
      <Filter>Header Files</Filter>
    </ClInclude>
    <ClInclude Include="sdk\interface\EntityList.h">
      <Filter>Header Files</Filter>
    </ClInclude>
    <ClInclude Include="sdk\interface\Globals.h">
      <Filter>Header Files</Filter>
    </ClInclude>
    <ClInclude Include="sdk\interface\InterfaceBase.h">
      <Filter>Header Files</Filter>
    </ClInclude>
    <ClInclude Include="sdk\interface\ModelInfo.h">
      <Filter>Header Files</Filter>
    </ClInclude>
    <ClInclude Include="sdk\interface\Predictionandmovement.h">
      <Filter>Header Files</Filter>
    </ClInclude>
    <ClInclude Include="sdk\Address.h">
      <Filter>Header Files</Filter>
    </ClInclude>
    <ClInclude Include="sdk\CBaseEntity.h">
      <Filter>Header Files</Filter>
    </ClInclude>
    <ClInclude Include="sdk\cmove.h">
      <Filter>Header Files</Filter>
    </ClInclude>
    <ClInclude Include="sdk\HookBase.h">
      <Filter>Header Files</Filter>
    </ClInclude>
    <ClInclude Include="sdk\InterfaceManager.hpp">
      <Filter>Header Files</Filter>
    </ClInclude>
    <ClInclude Include="sdk\math.h">
      <Filter>Header Files</Filter>
    </ClInclude>
    <ClInclude Include="sdk\usercmd.h">
      <Filter>Header Files</Filter>
    </ClInclude>
    <ClInclude Include="sdk\Vector.h">
      <Filter>Header Files</Filter>
    </ClInclude>
    <ClInclude Include="sdk\VMT.h">
      <Filter>Header Files</Filter>
    </ClInclude>
    <ClInclude Include="LuaEngine.h">
      <Filter>Header Files</Filter>
    </ClInclude>
    <ClInclude Include="exports\BaseLuaExport.h">
      <Filter>Header Files</Filter>
    </ClInclude>
    <ClInclude Include="exports\Exports.h">
      <Filter>Header Files</Filter>
    </ClInclude>
    <ClInclude Include="exports\LUAInterfaces.h">
      <Filter>Header Files</Filter>
    </ClInclude>
    <ClInclude Include="exports\LUAEngine.h">
      <Filter>Header Files</Filter>
    </ClInclude>
    <ClInclude Include="exports\LUAUserCmd.h">
      <Filter>Header Files</Filter>
    </ClInclude>
    <ClInclude Include="exports\LUAEntity.h">
      <Filter>Header Files</Filter>
    </ClInclude>
    <ClInclude Include="exports\LUAEntityList.h">
      <Filter>Header Files</Filter>
    </ClInclude>
    <ClInclude Include="exports\LUATrace.h">
      <Filter>Header Files</Filter>
    </ClInclude>
    <ClInclude Include="exports\LUAUtils.h">
      <Filter>Header Files</Filter>
    </ClInclude>
    <ClInclude Include="sdk\InputManager.h">
      <Filter>Header Files</Filter>
    </ClInclude>
    <ClInclude Include="exports\LuaFiles.h">
      <Filter>Header Files</Filter>
    </ClInclude>
    <ClInclude Include="sdk\interface\Surface.h">
      <Filter>Header Files</Filter>
    </ClInclude>
    <ClInclude Include="sdk\interface\Panel.h">
      <Filter>Header Files</Filter>
    </ClInclude>
    <ClInclude Include="resource.h">
      <Filter>Header Files</Filter>
    </ClInclude>
    <ClInclude Include="Drawing.h">
      <Filter>Header Files</Filter>
    </ClInclude>
    <ClInclude Include="sdk\convar.h">
      <Filter>Header Files</Filter>
    </ClInclude>
    <ClInclude Include="sdk\Console.h">
      <Filter>Header Files</Filter>
    </ClInclude>
    <ClInclude Include="sdk\PatternScanning.h">
      <Filter>Header Files</Filter>
    </ClInclude>
    <ClInclude Include="LuaBridge\List.h">
      <Filter>Header Files</Filter>
    </ClInclude>
    <ClInclude Include="LuaBridge\Map.h">
      <Filter>Header Files</Filter>
    </ClInclude>
    <ClInclude Include="LuaBridge\Vector.h">
      <Filter>Header Files</Filter>
    </ClInclude>
    <ClInclude Include="LuaBridge\UnorderedMap.h">
      <Filter>Header Files</Filter>
    </ClInclude>
    <ClInclude Include="LuaBridge\detail\Config.h">
      <Filter>Header Files</Filter>
    </ClInclude>
    <ClInclude Include="LuaBridge\detail\Security.h">
      <Filter>Header Files</Filter>
    </ClInclude>
    <ClInclude Include="sdk\interface\GLua.h">
      <Filter>Header Files</Filter>
    </ClInclude>
    <ClInclude Include="GLuaSharedApi.h">
      <Filter>Header Files</Filter>
    </ClInclude>
    <ClInclude Include="sdk\interface\Scheme.h">
      <Filter>Header Files</Filter>
    </ClInclude>
  </ItemGroup>
</Project>